
Microsoft Visual Studio Solution File, Format Version 12.00
# Visual Studio Version 16
VisualStudioVersion = 16.0.30002.166
MinimumVisualStudioVersion = 10.0.40219.1
Project("{FAE04EC0-301F-11D3-BF4B-00C04F79EFBC}") = "Hurriyetapi", "Hurriyetapi\Hurriyetapi.csproj", "{62C649EA-0A47-4946-AB3B-DBF3BB7EB440}"
EndProject
Global
	GlobalSection(SolutionConfigurationPlatforms) = preSolution
		Debug|Any CPU = Debug|Any CPU
		Release|Any CPU = Release|Any CPU
	EndGlobalSection
	GlobalSection(ProjectConfigurationPlatforms) = postSolution
		{62C649EA-0A47-4946-AB3B-DBF3BB7EB440}.Debug|Any CPU.ActiveCfg = Debug|Any CPU
		{62C649EA-0A47-4946-AB3B-DBF3BB7EB440}.Debug|Any CPU.Build.0 = Debug|Any CPU
		{62C649EA-0A47-4946-AB3B-DBF3BB7EB440}.Release|Any CPU.ActiveCfg = Release|Any CPU
		{62C649EA-0A47-4946-AB3B-DBF3BB7EB440}.Release|Any CPU.Build.0 = Release|Any CPU
	EndGlobalSection
	GlobalSection(SolutionProperties) = preSolution
		HideSolutionNode = FALSE
	EndGlobalSection
	GlobalSection(ExtensibilityGlobals) = postSolution
		SolutionGuid = {AB615512-9043-41D0-8CD6-19D1E8625255}
	EndGlobalSection
EndGlobal
